
Microsoft Visual Studio Solution File, Format Version 12.00
# Visual Studio Version 17
VisualStudioVersion = 17.4.33213.308
MinimumVisualStudioVersion = 10.0.40219.1
Project("{9A19103F-16F7-4668-BE54-9A1E7A4F7556}") = "P01.ClassBoxData", "P01.ClassBoxData\P01.ClassBoxData.csproj", "{035C5162-D207-4F14-B850-1EB650ADAD36}"
EndProject
Project("{9A19103F-16F7-4668-BE54-9A1E7A4F7556}") = "P03.ShoppingSpree", "03. Shopping Spree\P03.ShoppingSpree.csproj", "{8685CE92-6B6D-43E9-B998-EE6AF440F07F}"
EndProject
Project("{9A19103F-16F7-4668-BE54-9A1E7A4F7556}") = "04.PizzaCalories", "04.PizzaCalories\04.PizzaCalories.csproj", "{896DDC5E-ED51-4557-9237-573D3061AA75}"
EndProject
Project("{FAE04EC0-301F-11D3-BF4B-00C04F79EFBC}") = "05.FootballTeamGenerator", "05.FootballTeamGenerator\05.FootballTeamGenerator.csproj", "{BD26F868-C110-4316-BCAD-870CC1209741}"
EndProject
Global
	GlobalSection(SolutionConfigurationPlatforms) = preSolution
		Debug|Any CPU = Debug|Any CPU
		Release|Any CPU = Release|Any CPU
	EndGlobalSection
	GlobalSection(ProjectConfigurationPlatforms) = postSolution
		{035C5162-D207-4F14-B850-1EB650ADAD36}.Debug|Any CPU.ActiveCfg = Debug|Any CPU
		{035C5162-D207-4F14-B850-1EB650ADAD36}.Debug|Any CPU.Build.0 = Debug|Any CPU
		{035C5162-D207-4F14-B850-1EB650ADAD36}.Release|Any CPU.ActiveCfg = Release|Any CPU
		{035C5162-D207-4F14-B850-1EB650ADAD36}.Release|Any CPU.Build.0 = Release|Any CPU
		{8685CE92-6B6D-43E9-B998-EE6AF440F07F}.Debug|Any CPU.ActiveCfg = Debug|Any CPU
		{8685CE92-6B6D-43E9-B998-EE6AF440F07F}.Debug|Any CPU.Build.0 = Debug|Any CPU
		{8685CE92-6B6D-43E9-B998-EE6AF440F07F}.Release|Any CPU.ActiveCfg = Release|Any CPU
		{8685CE92-6B6D-43E9-B998-EE6AF440F07F}.Release|Any CPU.Build.0 = Release|Any CPU
		{896DDC5E-ED51-4557-9237-573D3061AA75}.Debug|Any CPU.ActiveCfg = Debug|Any CPU
		{896DDC5E-ED51-4557-9237-573D3061AA75}.Debug|Any CPU.Build.0 = Debug|Any CPU
		{896DDC5E-ED51-4557-9237-573D3061AA75}.Release|Any CPU.ActiveCfg = Release|Any CPU
		{896DDC5E-ED51-4557-9237-573D3061AA75}.Release|Any CPU.Build.0 = Release|Any CPU
		{BD26F868-C110-4316-BCAD-870CC1209741}.Debug|Any CPU.ActiveCfg = Debug|Any CPU
		{BD26F868-C110-4316-BCAD-870CC1209741}.Debug|Any CPU.Build.0 = Debug|Any CPU
		{BD26F868-C110-4316-BCAD-870CC1209741}.Release|Any CPU.ActiveCfg = Release|Any CPU
		{BD26F868-C110-4316-BCAD-870CC1209741}.Release|Any CPU.Build.0 = Release|Any CPU
	EndGlobalSection
	GlobalSection(SolutionProperties) = preSolution
		HideSolutionNode = FALSE
	EndGlobalSection
	GlobalSection(ExtensibilityGlobals) = postSolution
		SolutionGuid = {5C1A7565-2B0B-40D1-867D-9EEA99F0186F}
	EndGlobalSection
EndGlobal
